
Microsoft Visual Studio Solution File, Format Version 12.00
# Visual Studio 14
VisualStudioVersion = 14.0.25420.1
MinimumVisualStudioVersion = 10.0.40219.1
Project("{FAE04EC0-301F-11D3-BF4B-00C04F79EFBC}") = "AzNginx.Models", "AzNginx.Models\AzNginx.Models.csproj", "{101B26C9-14D3-4D52-84AD-57BCD2E79E41}"
EndProject
Project("{FAE04EC0-301F-11D3-BF4B-00C04F79EFBC}") = "AzNginx.DAL", "AzNginx.DAL\AzNginx.DAL.csproj", "{96E86CE9-639D-4F8C-9082-97D63D0DA918}"
EndProject
Project("{FAE04EC0-301F-11D3-BF4B-00C04F79EFBC}") = "AzNginx.Common", "AzNginx.Common\AzNginx.Common.csproj", "{0A98FA3C-CD31-4988-B821-0D178E472B07}"
EndProject
Project("{FAE04EC0-301F-11D3-BF4B-00C04F79EFBC}") = "AzNginx.Provision.Core", "AzNginx.Provision.Core\AzNginx.Provision.Core.csproj", "{B79C0429-B458-4AE8-8FE4-C88D4F268922}"
EndProject
Project("{FAE04EC0-301F-11D3-BF4B-00C04F79EFBC}") = "AzNginx.Provision.CoreTests", "AzNginx.Provision.CoreTests\AzNginx.Provision.CoreTests.csproj", "{526E874B-433C-47D2-8747-1D894C822DDC}"
EndProject
Project("{FAE04EC0-301F-11D3-BF4B-00C04F79EFBC}") = "AzNginx.Web", "AzNginx.Web\AzNginx.Web.csproj", "{C11B606E-7ACE-4F73-82F2-B99B795A75DE}"
EndProject
Global
	GlobalSection(SolutionConfigurationPlatforms) = preSolution
		Debug|Any CPU = Debug|Any CPU
		Release|Any CPU = Release|Any CPU
	EndGlobalSection
	GlobalSection(ProjectConfigurationPlatforms) = postSolution
		{101B26C9-14D3-4D52-84AD-57BCD2E79E41}.Debug|Any CPU.ActiveCfg = Debug|Any CPU
		{101B26C9-14D3-4D52-84AD-57BCD2E79E41}.Debug|Any CPU.Build.0 = Debug|Any CPU
		{101B26C9-14D3-4D52-84AD-57BCD2E79E41}.Release|Any CPU.ActiveCfg = Release|Any CPU
		{101B26C9-14D3-4D52-84AD-57BCD2E79E41}.Release|Any CPU.Build.0 = Release|Any CPU
		{96E86CE9-639D-4F8C-9082-97D63D0DA918}.Debug|Any CPU.ActiveCfg = Debug|Any CPU
		{96E86CE9-639D-4F8C-9082-97D63D0DA918}.Debug|Any CPU.Build.0 = Debug|Any CPU
		{96E86CE9-639D-4F8C-9082-97D63D0DA918}.Release|Any CPU.ActiveCfg = Release|Any CPU
		{96E86CE9-639D-4F8C-9082-97D63D0DA918}.Release|Any CPU.Build.0 = Release|Any CPU
		{0A98FA3C-CD31-4988-B821-0D178E472B07}.Debug|Any CPU.ActiveCfg = Debug|Any CPU
		{0A98FA3C-CD31-4988-B821-0D178E472B07}.Debug|Any CPU.Build.0 = Debug|Any CPU
		{0A98FA3C-CD31-4988-B821-0D178E472B07}.Release|Any CPU.ActiveCfg = Release|Any CPU
		{0A98FA3C-CD31-4988-B821-0D178E472B07}.Release|Any CPU.Build.0 = Release|Any CPU
		{B79C0429-B458-4AE8-8FE4-C88D4F268922}.Debug|Any CPU.ActiveCfg = Debug|Any CPU
		{B79C0429-B458-4AE8-8FE4-C88D4F268922}.Debug|Any CPU.Build.0 = Debug|Any CPU
		{B79C0429-B458-4AE8-8FE4-C88D4F268922}.Release|Any CPU.ActiveCfg = Release|Any CPU
		{B79C0429-B458-4AE8-8FE4-C88D4F268922}.Release|Any CPU.Build.0 = Release|Any CPU
		{526E874B-433C-47D2-8747-1D894C822DDC}.Debug|Any CPU.ActiveCfg = Debug|Any CPU
		{526E874B-433C-47D2-8747-1D894C822DDC}.Debug|Any CPU.Build.0 = Debug|Any CPU
		{526E874B-433C-47D2-8747-1D894C822DDC}.Release|Any CPU.ActiveCfg = Release|Any CPU
		{526E874B-433C-47D2-8747-1D894C822DDC}.Release|Any CPU.Build.0 = Release|Any CPU
		{C11B606E-7ACE-4F73-82F2-B99B795A75DE}.Debug|Any CPU.ActiveCfg = Debug|Any CPU
		{C11B606E-7ACE-4F73-82F2-B99B795A75DE}.Debug|Any CPU.Build.0 = Debug|Any CPU
		{C11B606E-7ACE-4F73-82F2-B99B795A75DE}.Release|Any CPU.ActiveCfg = Release|Any CPU
		{C11B606E-7ACE-4F73-82F2-B99B795A75DE}.Release|Any CPU.Build.0 = Release|Any CPU
	EndGlobalSection
	GlobalSection(SolutionProperties) = preSolution
		HideSolutionNode = FALSE
	EndGlobalSection
EndGlobal
